
Microsoft Visual Studio Solution File, Format Version 12.00
# Visual Studio Version 17
VisualStudioVersion = 17.8.34408.163
MinimumVisualStudioVersion = 10.0.40219.1
Project("{9A19103F-16F7-4668-BE54-9A1E7A4F7556}") = "Demo", "Demo\Demo.csproj", "{13B57AAF-0EF6-43C8-B932-0918E6F747F5}"
EndProject
Project("{9A19103F-16F7-4668-BE54-9A1E7A4F7556}") = "Lists", "Lists\Lists.csproj", "{5A16099C-F7B1-47B7-BA9B-7A18683C21E2}"
EndProject
Project("{9A19103F-16F7-4668-BE54-9A1E7A4F7556}") = "Queues", "Queues\Queues.csproj", "{8AD5ABE7-1EAC-4A60-8B1A-9D17B66672E3}"
EndProject
Project("{9A19103F-16F7-4668-BE54-9A1E7A4F7556}") = "Stacks", "Stacks\Stacks.csproj", "{C934F048-2A95-46C9-AEEA-FA550619CEBA}"
EndProject
Project("{9A19103F-16F7-4668-BE54-9A1E7A4F7556}") = "BrowserHistory", "BrowserHistory\BrowserHistory.csproj", "{D42FC9C6-D506-444A-BFAE-71E27F312E3B}"
EndProject
Project("{9A19103F-16F7-4668-BE54-9A1E7A4F7556}") = "ExtractSubExpressions", "ExtractSubExpressions\ExtractSubExpressions.csproj", "{465270A3-D94D-42A7-92CE-6A24A2F69F42}"
EndProject
Project("{9A19103F-16F7-4668-BE54-9A1E7A4F7556}") = "SequenceOfNumbers", "SequenceOfNumbers\SequenceOfNumbers.csproj", "{02922C56-3FF0-4849-A52E-2C04BDBAFDC9}"
EndProject
Project("{9A19103F-16F7-4668-BE54-9A1E7A4F7556}") = "UnionAndIntersection", "UnionAndIntersection\UnionAndIntersection.csproj", "{CC895068-275A-4177-B79D-C7356889F1A9}"
EndProject
Project("{9A19103F-16F7-4668-BE54-9A1E7A4F7556}") = "LongestSubArrayOfCommonElements", "LongestSubArrayOfCommonElements\LongestSubArrayOfCommonElements.csproj", "{7428DC5B-7A91-4147-B6E6-B8D0266F1973}"
EndProject
Project("{9A19103F-16F7-4668-BE54-9A1E7A4F7556}") = "Algorithms", "Algorithms\Algorithms.csproj", "{F859875D-2B3C-49C9-9B71-31770259BC4F}"
EndProject
Project("{9A19103F-16F7-4668-BE54-9A1E7A4F7556}") = "LongestSubSequenceOfCommonElements", "LongestSubSequenceOfCommonElements\LongestSubSequenceOfCommonElements.csproj", "{D037A968-09B6-4B37-810C-275D06B73C0B}"
EndProject
Project("{9A19103F-16F7-4668-BE54-9A1E7A4F7556}") = "BFS_DFS", "BFS_DFS\BFS_DFS.csproj", "{88DFF0EE-7DDB-4704-B8F6-0C3D3C65B3FC}"
EndProject
Project("{9A19103F-16F7-4668-BE54-9A1E7A4F7556}") = "N_GoesTo_M", "N_GoesTo_M\N_GoesTo_M.csproj", "{FEA51BF8-E257-4D55-8CBA-8D0BB7C7673D}"
EndProject
Project("{9A19103F-16F7-4668-BE54-9A1E7A4F7556}") = "Combinatorial", "Combinatorial\Combinatorial.csproj", "{E7E66D75-23F8-4288-A239-FEDEAFCE0F67}"
EndProject
Project("{9A19103F-16F7-4668-BE54-9A1E7A4F7556}") = "Sorting", "Sorting\Sorting.csproj", "{DE54FB82-EF33-48A7-8111-94FBB90199C2}"
EndProject
Project("{9A19103F-16F7-4668-BE54-9A1E7A4F7556}") = "Searching", "Searching\Searching.csproj", "{E064DFD4-4ABD-4DE7-B2F3-7660F6E009D1}"
EndProject
Project("{FAE04EC0-301F-11D3-BF4B-00C04F79EFBC}") = "Backtracking", "Backtracking\Backtracking.csproj", "{5CF73B44-223E-4D1D-97B2-51BC59F50A4B}"
EndProject
Global
	GlobalSection(SolutionConfigurationPlatforms) = preSolution
		Debug|Any CPU = Debug|Any CPU
		Release|Any CPU = Release|Any CPU
	EndGlobalSection
	GlobalSection(ProjectConfigurationPlatforms) = postSolution
		{13B57AAF-0EF6-43C8-B932-0918E6F747F5}.Debug|Any CPU.ActiveCfg = Debug|Any CPU
		{13B57AAF-0EF6-43C8-B932-0918E6F747F5}.Debug|Any CPU.Build.0 = Debug|Any CPU
		{13B57AAF-0EF6-43C8-B932-0918E6F747F5}.Release|Any CPU.ActiveCfg = Release|Any CPU
		{13B57AAF-0EF6-43C8-B932-0918E6F747F5}.Release|Any CPU.Build.0 = Release|Any CPU
		{5A16099C-F7B1-47B7-BA9B-7A18683C21E2}.Debug|Any CPU.ActiveCfg = Debug|Any CPU
		{5A16099C-F7B1-47B7-BA9B-7A18683C21E2}.Debug|Any CPU.Build.0 = Debug|Any CPU
		{5A16099C-F7B1-47B7-BA9B-7A18683C21E2}.Release|Any CPU.ActiveCfg = Release|Any CPU
		{5A16099C-F7B1-47B7-BA9B-7A18683C21E2}.Release|Any CPU.Build.0 = Release|Any CPU
		{8AD5ABE7-1EAC-4A60-8B1A-9D17B66672E3}.Debug|Any CPU.ActiveCfg = Debug|Any CPU
		{8AD5ABE7-1EAC-4A60-8B1A-9D17B66672E3}.Debug|Any CPU.Build.0 = Debug|Any CPU
		{8AD5ABE7-1EAC-4A60-8B1A-9D17B66672E3}.Release|Any CPU.ActiveCfg = Release|Any CPU
		{8AD5ABE7-1EAC-4A60-8B1A-9D17B66672E3}.Release|Any CPU.Build.0 = Release|Any CPU
		{C934F048-2A95-46C9-AEEA-FA550619CEBA}.Debug|Any CPU.ActiveCfg = Debug|Any CPU
		{C934F048-2A95-46C9-AEEA-FA550619CEBA}.Debug|Any CPU.Build.0 = Debug|Any CPU
		{C934F048-2A95-46C9-AEEA-FA550619CEBA}.Release|Any CPU.ActiveCfg = Release|Any CPU
		{C934F048-2A95-46C9-AEEA-FA550619CEBA}.Release|Any CPU.Build.0 = Release|Any CPU
		{D42FC9C6-D506-444A-BFAE-71E27F312E3B}.Debug|Any CPU.ActiveCfg = Debug|Any CPU
		{D42FC9C6-D506-444A-BFAE-71E27F312E3B}.Debug|Any CPU.Build.0 = Debug|Any CPU
		{D42FC9C6-D506-444A-BFAE-71E27F312E3B}.Release|Any CPU.ActiveCfg = Release|Any CPU
		{D42FC9C6-D506-444A-BFAE-71E27F312E3B}.Release|Any CPU.Build.0 = Release|Any CPU
		{465270A3-D94D-42A7-92CE-6A24A2F69F42}.Debug|Any CPU.ActiveCfg = Debug|Any CPU
		{465270A3-D94D-42A7-92CE-6A24A2F69F42}.Debug|Any CPU.Build.0 = Debug|Any CPU
		{465270A3-D94D-42A7-92CE-6A24A2F69F42}.Release|Any CPU.ActiveCfg = Release|Any CPU
		{465270A3-D94D-42A7-92CE-6A24A2F69F42}.Release|Any CPU.Build.0 = Release|Any CPU
		{02922C56-3FF0-4849-A52E-2C04BDBAFDC9}.Debug|Any CPU.ActiveCfg = Debug|Any CPU
		{02922C56-3FF0-4849-A52E-2C04BDBAFDC9}.Debug|Any CPU.Build.0 = Debug|Any CPU
		{02922C56-3FF0-4849-A52E-2C04BDBAFDC9}.Release|Any CPU.ActiveCfg = Release|Any CPU
		{02922C56-3FF0-4849-A52E-2C04BDBAFDC9}.Release|Any CPU.Build.0 = Release|Any CPU
		{CC895068-275A-4177-B79D-C7356889F1A9}.Debug|Any CPU.ActiveCfg = Debug|Any CPU
		{CC895068-275A-4177-B79D-C7356889F1A9}.Debug|Any CPU.Build.0 = Debug|Any CPU
		{CC895068-275A-4177-B79D-C7356889F1A9}.Release|Any CPU.ActiveCfg = Release|Any CPU
		{CC895068-275A-4177-B79D-C7356889F1A9}.Release|Any CPU.Build.0 = Release|Any CPU
		{7428DC5B-7A91-4147-B6E6-B8D0266F1973}.Debug|Any CPU.ActiveCfg = Debug|Any CPU
		{7428DC5B-7A91-4147-B6E6-B8D0266F1973}.Debug|Any CPU.Build.0 = Debug|Any CPU
		{7428DC5B-7A91-4147-B6E6-B8D0266F1973}.Release|Any CPU.ActiveCfg = Release|Any CPU
		{7428DC5B-7A91-4147-B6E6-B8D0266F1973}.Release|Any CPU.Build.0 = Release|Any CPU
		{F859875D-2B3C-49C9-9B71-31770259BC4F}.Debug|Any CPU.ActiveCfg = Debug|Any CPU
		{F859875D-2B3C-49C9-9B71-31770259BC4F}.Debug|Any CPU.Build.0 = Debug|Any CPU
		{F859875D-2B3C-49C9-9B71-31770259BC4F}.Release|Any CPU.ActiveCfg = Release|Any CPU
		{F859875D-2B3C-49C9-9B71-31770259BC4F}.Release|Any CPU.Build.0 = Release|Any CPU
		{D037A968-09B6-4B37-810C-275D06B73C0B}.Debug|Any CPU.ActiveCfg = Debug|Any CPU
		{D037A968-09B6-4B37-810C-275D06B73C0B}.Debug|Any CPU.Build.0 = Debug|Any CPU
		{D037A968-09B6-4B37-810C-275D06B73C0B}.Release|Any CPU.ActiveCfg = Release|Any CPU
		{D037A968-09B6-4B37-810C-275D06B73C0B}.Release|Any CPU.Build.0 = Release|Any CPU
		{88DFF0EE-7DDB-4704-B8F6-0C3D3C65B3FC}.Debug|Any CPU.ActiveCfg = Debug|Any CPU
		{88DFF0EE-7DDB-4704-B8F6-0C3D3C65B3FC}.Debug|Any CPU.Build.0 = Debug|Any CPU
		{88DFF0EE-7DDB-4704-B8F6-0C3D3C65B3FC}.Release|Any CPU.ActiveCfg = Release|Any CPU
		{88DFF0EE-7DDB-4704-B8F6-0C3D3C65B3FC}.Release|Any CPU.Build.0 = Release|Any CPU
		{FEA51BF8-E257-4D55-8CBA-8D0BB7C7673D}.Debug|Any CPU.ActiveCfg = Debug|Any CPU
		{FEA51BF8-E257-4D55-8CBA-8D0BB7C7673D}.Debug|Any CPU.Build.0 = Debug|Any CPU
		{FEA51BF8-E257-4D55-8CBA-8D0BB7C7673D}.Release|Any CPU.ActiveCfg = Release|Any CPU
		{FEA51BF8-E257-4D55-8CBA-8D0BB7C7673D}.Release|Any CPU.Build.0 = Release|Any CPU
		{E7E66D75-23F8-4288-A239-FEDEAFCE0F67}.Debug|Any CPU.ActiveCfg = Debug|Any CPU
		{E7E66D75-23F8-4288-A239-FEDEAFCE0F67}.Debug|Any CPU.Build.0 = Debug|Any CPU
		{E7E66D75-23F8-4288-A239-FEDEAFCE0F67}.Release|Any CPU.ActiveCfg = Release|Any CPU
		{E7E66D75-23F8-4288-A239-FEDEAFCE0F67}.Release|Any CPU.Build.0 = Release|Any CPU
		{DE54FB82-EF33-48A7-8111-94FBB90199C2}.Debug|Any CPU.ActiveCfg = Debug|Any CPU
		{DE54FB82-EF33-48A7-8111-94FBB90199C2}.Debug|Any CPU.Build.0 = Debug|Any CPU
		{DE54FB82-EF33-48A7-8111-94FBB90199C2}.Release|Any CPU.ActiveCfg = Release|Any CPU
		{DE54FB82-EF33-48A7-8111-94FBB90199C2}.Release|Any CPU.Build.0 = Release|Any CPU
		{E064DFD4-4ABD-4DE7-B2F3-7660F6E009D1}.Debug|Any CPU.ActiveCfg = Debug|Any CPU
		{E064DFD4-4ABD-4DE7-B2F3-7660F6E009D1}.Debug|Any CPU.Build.0 = Debug|Any CPU
		{E064DFD4-4ABD-4DE7-B2F3-7660F6E009D1}.Release|Any CPU.ActiveCfg = Release|Any CPU
		{E064DFD4-4ABD-4DE7-B2F3-7660F6E009D1}.Release|Any CPU.Build.0 = Release|Any CPU
		{5CF73B44-223E-4D1D-97B2-51BC59F50A4B}.Debug|Any CPU.ActiveCfg = Debug|Any CPU
		{5CF73B44-223E-4D1D-97B2-51BC59F50A4B}.Debug|Any CPU.Build.0 = Debug|Any CPU
		{5CF73B44-223E-4D1D-97B2-51BC59F50A4B}.Release|Any CPU.ActiveCfg = Release|Any CPU
		{5CF73B44-223E-4D1D-97B2-51BC59F50A4B}.Release|Any CPU.Build.0 = Release|Any CPU
	EndGlobalSection
	GlobalSection(SolutionProperties) = preSolution
		HideSolutionNode = FALSE
	EndGlobalSection
	GlobalSection(ExtensibilityGlobals) = postSolution
		SolutionGuid = {04F844B4-1551-4C2A-BBA0-4AEF21D11156}
	EndGlobalSection
EndGlobal
